
Microsoft Visual Studio Solution File, Format Version 12.00
# Visual Studio 14
VisualStudioVersion = 14.0.25420.1
MinimumVisualStudioVersion = 10.0.40219.1
Project("{F14B399A-7131-4C87-9E4B-1186C45EF12D}") = "ReportTest", "ReportTest\ReportTest.rptproj", "{C68408E3-3D97-41EA-92BB-4D67FB819A45}"
EndProject
Global
	GlobalSection(SolutionConfigurationPlatforms) = preSolution
		Debug|Default = Debug|Default
		DebugLocal|Default = DebugLocal|Default
		Release|Default = Release|Default
	EndGlobalSection
	GlobalSection(ProjectConfigurationPlatforms) = postSolution
		{C68408E3-3D97-41EA-92BB-4D67FB819A45}.Debug|Default.ActiveCfg = Debug
		{C68408E3-3D97-41EA-92BB-4D67FB819A45}.Debug|Default.Build.0 = Debug
		{C68408E3-3D97-41EA-92BB-4D67FB819A45}.Debug|Default.Deploy.0 = Debug
		{C68408E3-3D97-41EA-92BB-4D67FB819A45}.DebugLocal|Default.ActiveCfg = DebugLocal
		{C68408E3-3D97-41EA-92BB-4D67FB819A45}.DebugLocal|Default.Build.0 = DebugLocal
		{C68408E3-3D97-41EA-92BB-4D67FB819A45}.Release|Default.ActiveCfg = Release
		{C68408E3-3D97-41EA-92BB-4D67FB819A45}.Release|Default.Build.0 = Release
		{C68408E3-3D97-41EA-92BB-4D67FB819A45}.Release|Default.Deploy.0 = Release
	EndGlobalSection
	GlobalSection(SolutionProperties) = preSolution
		HideSolutionNode = FALSE
	EndGlobalSection
EndGlobal
